
Microsoft Visual Studio Solution File, Format Version 12.00
# Visual Studio Version 16
VisualStudioVersion = 16.0.31515.178
MinimumVisualStudioVersion = 10.0.40219.1
Project("{FAE04EC0-301F-11D3-BF4B-00C04F79EFBC}") = "HesapMakinesi", "HesapMakinesi\HesapMakinesi.csproj", "{14064307-18B2-45E1-A913-A0DE352BFBE3}"
EndProject
Global
	GlobalSection(SolutionConfigurationPlatforms) = preSolution
		Debug|Any CPU = Debug|Any CPU
		Release|Any CPU = Release|Any CPU
	EndGlobalSection
	GlobalSection(ProjectConfigurationPlatforms) = postSolution
		{14064307-18B2-45E1-A913-A0DE352BFBE3}.Debug|Any CPU.ActiveCfg = Debug|Any CPU
		{14064307-18B2-45E1-A913-A0DE352BFBE3}.Debug|Any CPU.Build.0 = Debug|Any CPU
		{14064307-18B2-45E1-A913-A0DE352BFBE3}.Release|Any CPU.ActiveCfg = Release|Any CPU
		{14064307-18B2-45E1-A913-A0DE352BFBE3}.Release|Any CPU.Build.0 = Release|Any CPU
	EndGlobalSection
	GlobalSection(SolutionProperties) = preSolution
		HideSolutionNode = FALSE
	EndGlobalSection
	GlobalSection(ExtensibilityGlobals) = postSolution
		SolutionGuid = {47426024-EC16-4CD9-976B-CC6A37E5810D}
	EndGlobalSection
EndGlobal
